// !$*UTF8*$!
{
	archiveVersion = 1;
	classes = {
	};
	objectVersion = 50;
	objects = {

/* Begin PBXBuildFile section */
		EE3F1F2525D4681B001E5676 /* AppDelegate.swift in Sources */ = {isa = PBXBuildFile; fileRef = EE3F1F2425D4681B001E5676 /* AppDelegate.swift */; };
		EE3F1F2725D4681B001E5676 /* SceneDelegate.swift in Sources */ = {isa = PBXBuildFile; fileRef = EE3F1F2625D4681B001E5676 /* SceneDelegate.swift */; };
		EE3F1F2925D4681B001E5676 /* ViewController.swift in Sources */ = {isa = PBXBuildFile; fileRef = EE3F1F2825D4681B001E5676 /* ViewController.swift */; };
		EE3F1F2E25D4681D001E5676 /* Assets.xcassets in Resources */ = {isa = PBXBuildFile; fileRef = EE3F1F2D25D4681D001E5676 /* Assets.xcassets */; };
		EE3F1F3125D4681D001E5676 /* LaunchScreen.storyboard in Resources */ = {isa = PBXBuildFile; fileRef = EE3F1F2F25D4681D001E5676 /* LaunchScreen.storyboard */; };
		EE3F1F5825D47018001E5676 /* ContainerView.swift in Sources */ = {isa = PBXBuildFile; fileRef = EE3F1F5725D47018001E5676 /* ContainerView.swift */; };
		EE98548A25D47E430034238D /* ContentView.swift in Sources */ = {isa = PBXBuildFile; fileRef = EE98548925D47E430034238D /* ContentView.swift */; };
		EE98548F25D47E8C0034238D /* Table.swift in Sources */ = {isa = PBXBuildFile; fileRef = EE98548E25D47E8C0034238D /* Table.swift */; };
		EE98549E25D4AD860034238D /* Element.swift in Sources */ = {isa = PBXBuildFile; fileRef = EE98549D25D4AD860034238D /* Element.swift */; };
		EE9854A125D4B0580034238D /* AccessibleLabel.swift in Sources */ = {isa = PBXBuildFile; fileRef = EE9854A025D4B0580034238D /* AccessibleLabel.swift */; };
		EE9854A725D4BBC90034238D /* Theme.swift in Sources */ = {isa = PBXBuildFile; fileRef = EE9854A625D4BBC90034238D /* Theme.swift */; };
/* End PBXBuildFile section */

/* Begin PBXFileReference section */
		EE3F1F2125D4681B001E5676 /* Simple App.app */ = {isa = PBXFileReference; explicitFileType = wrapper.application; includeInIndex = 0; path = "Simple App.app"; sourceTree = BUILT_PRODUCTS_DIR; };
		EE3F1F2425D4681B001E5676 /* AppDelegate.swift */ = {isa = PBXFileReference; lastKnownFileType = sourcecode.swift; path = AppDelegate.swift; sourceTree = "<group>"; };
		EE3F1F2625D4681B001E5676 /* SceneDelegate.swift */ = {isa = PBXFileReference; lastKnownFileType = sourcecode.swift; path = SceneDelegate.swift; sourceTree = "<group>"; };
		EE3F1F2825D4681B001E5676 /* ViewController.swift */ = {isa = PBXFileReference; lastKnownFileType = sourcecode.swift; path = ViewController.swift; sourceTree = "<group>"; };
		EE3F1F2D25D4681D001E5676 /* Assets.xcassets */ = {isa = PBXFileReference; lastKnownFileType = folder.assetcatalog; path = Assets.xcassets; sourceTree = "<group>"; };
		EE3F1F3025D4681D001E5676 /* Base */ = {isa = PBXFileReference; lastKnownFileType = file.storyboard; name = Base; path = Base.lproj/LaunchScreen.storyboard; sourceTree = "<group>"; };
		EE3F1F3225D4681D001E5676 /* Info.plist */ = {isa = PBXFileReference; lastKnownFileType = text.plist.xml; path = Info.plist; sourceTree = "<group>"; };
		EE3F1F5725D47018001E5676 /* ContainerView.swift */ = {isa = PBXFileReference; lastKnownFileType = sourcecode.swift; path = ContainerView.swift; sourceTree = "<group>"; };
		EE98548925D47E430034238D /* ContentView.swift */ = {isa = PBXFileReference; lastKnownFileType = sourcecode.swift; path = ContentView.swift; sourceTree = "<group>"; };
		EE98548E25D47E8C0034238D /* Table.swift */ = {isa = PBXFileReference; lastKnownFileType = sourcecode.swift; path = Table.swift; sourceTree = "<group>"; };
		EE98549D25D4AD860034238D /* Element.swift */ = {isa = PBXFileReference; lastKnownFileType = sourcecode.swift; path = Element.swift; sourceTree = "<group>"; };
		EE9854A025D4B0580034238D /* AccessibleLabel.swift */ = {isa = PBXFileReference; lastKnownFileType = sourcecode.swift; path = AccessibleLabel.swift; sourceTree = "<group>"; };
		EE9854A625D4BBC90034238D /* Theme.swift */ = {isa = PBXFileReference; lastKnownFileType = sourcecode.swift; path = Theme.swift; sourceTree = "<group>"; };
/* End PBXFileReference section */

/* Begin PBXFrameworksBuildPhase section */
		EE3F1F1E25D4681B001E5676 /* Frameworks */ = {
			isa = PBXFrameworksBuildPhase;
			buildActionMask = 2147483647;
			files = (
			);
			runOnlyForDeploymentPostprocessing = 0;
		};
/* End PBXFrameworksBuildPhase section */

/* Begin PBXGroup section */
		EE3F1F1825D4681B001E5676 = {
			isa = PBXGroup;
			children = (
				EE3F1F2325D4681B001E5676 /* Simple App */,
				EE3F1F2225D4681B001E5676 /* Products */,
			);
			sourceTree = "<group>";
		};
		EE3F1F2225D4681B001E5676 /* Products */ = {
			isa = PBXGroup;
			children = (
				EE3F1F2125D4681B001E5676 /* Simple App.app */,
			);
			name = Products;
			sourceTree = "<group>";
		};
		EE3F1F2325D4681B001E5676 /* Simple App */ = {
			isa = PBXGroup;
			children = (
				EE3F1F3225D4681D001E5676 /* Info.plist */,
				EE3F1F2D25D4681D001E5676 /* Assets.xcassets */,
				EE3F1F2F25D4681D001E5676 /* LaunchScreen.storyboard */,
				EE3F1F2425D4681B001E5676 /* AppDelegate.swift */,
				EE3F1F2625D4681B001E5676 /* SceneDelegate.swift */,
				EE3F1F2825D4681B001E5676 /* ViewController.swift */,
				EE9854A025D4B0580034238D /* AccessibleLabel.swift */,
				EE3F1F5725D47018001E5676 /* ContainerView.swift */,
				EE98548925D47E430034238D /* ContentView.swift */,
				EE98549D25D4AD860034238D /* Element.swift */,
				EE98548E25D47E8C0034238D /* Table.swift */,
				EE9854A625D4BBC90034238D /* Theme.swift */,
			);
			path = "Simple App";
			sourceTree = "<group>";
		};
/* End PBXGroup section */

/* Begin PBXNativeTarget section */
		EE3F1F2025D4681B001E5676 /* Simple App */ = {
			isa = PBXNativeTarget;
			buildConfigurationList = EE3F1F4B25D4681D001E5676 /* Build configuration list for PBXNativeTarget "Simple App" */;
			buildPhases = (
				EE3F1F1D25D4681B001E5676 /* Sources */,
				EE3F1F1E25D4681B001E5676 /* Frameworks */,
				EE3F1F1F25D4681B001E5676 /* Resources */,
			);
			buildRules = (
			);
			dependencies = (
			);
			name = "Simple App";
			productName = "Simple App";
			productReference = EE3F1F2125D4681B001E5676 /* Simple App.app */;
			productType = "com.apple.product-type.application";
		};
/* End PBXNativeTarget section */

/* Begin PBXProject section */
		EE3F1F1925D4681B001E5676 /* Project object */ = {
			isa = PBXProject;
			attributes = {
				LastSwiftUpdateCheck = 1240;
				LastUpgradeCheck = 1240;
				TargetAttributes = {
					EE3F1F2025D4681B001E5676 = {
						CreatedOnToolsVersion = 12.4;
					};
				};
			};
			buildConfigurationList = EE3F1F1C25D4681B001E5676 /* Build configuration list for PBXProject "Simple App" */;
			compatibilityVersion = "Xcode 9.3";
			developmentRegion = en;
			hasScannedForEncodings = 0;
			knownRegions = (
				en,
				Base,
			);
			mainGroup = EE3F1F1825D4681B001E5676;
			productRefGroup = EE3F1F2225D4681B001E5676 /* Products */;
			projectDirPath = "";
			projectRoot = "";
			targets = (
				EE3F1F2025D4681B001E5676 /* Simple App */,
			);
		};
/* End PBXProject section */

/* Begin PBXResourcesBuildPhase section */
		EE3F1F1F25D4681B001E5676 /* Resources */ = {
			isa = PBXResourcesBuildPhase;
			buildActionMask = 2147483647;
			files = (
				EE3F1F3125D4681D001E5676 /* LaunchScreen.storyboard in Resources */,
				EE3F1F2E25D4681D001E5676 /* Assets.xcassets in Resources */,
			);
			runOnlyForDeploymentPostprocessing = 0;
		};
/* End PBXResourcesBuildPhase section */

/* Begin PBXSourcesBuildPhase section */
		EE3F1F1D25D4681B001E5676 /* Sources */ = {
			isa = PBXSourcesBuildPhase;
			buildActionMask = 2147483647;
			files = (
				EE9854A725D4BBC90034238D /* Theme.swift in Sources */,
				EE3F1F5825D47018001E5676 /* ContainerView.swift in Sources */,
				EE98548A25D47E430034238D /* ContentView.swift in Sources */,
				EE3F1F2925D4681B001E5676 /* ViewController.swift in Sources */,
				EE3F1F2525D4681B001E5676 /* AppDelegate.swift in Sources */,
				EE98548F25D47E8C0034238D /* Table.swift in Sources */,
				EE98549E25D4AD860034238D /* Element.swift in Sources */,
				EE9854A125D4B0580034238D /* AccessibleLabel.swift in Sources */,
				EE3F1F2725D4681B001E5676 /* SceneDelegate.swift in Sources */,
			);
			runOnlyForDeploymentPostprocessing = 0;
		};
/* End PBXSourcesBuildPhase section */

/* Begin PBXVariantGroup section */
		EE3F1F2F25D4681D001E5676 /* LaunchScreen.storyboard */ = {
			isa = PBXVariantGroup;
			children = (
				EE3F1F3025D4681D001E5676 /* Base */,
			);
			name = LaunchScreen.storyboard;
			sourceTree = "<group>";
		};
/* End PBXVariantGroup section */

/* Begin XCBuildConfiguration section */
		EE3F1F4925D4681D001E5676 /* Debug */ = {
			isa = XCBuildConfiguration;
			buildSettings = {
				ALWAYS_SEARCH_USER_PATHS = NO;
				CLANG_ANALYZER_NONNULL = YES;
				CLANG_ANALYZER_NUMBER_OBJECT_CONVERSION = YES_AGGRESSIVE;
				CLANG_CXX_LANGUAGE_STANDARD = "gnu++14";
				CLANG_CXX_LIBRARY = "libc++";
				CLANG_ENABLE_MODULES = YES;
				CLANG_ENABLE_OBJC_ARC = YES;
				CLANG_ENABLE_OBJC_WEAK = YES;
				CLANG_WARN_BLOCK_CAPTURE_AUTORELEASING = YES;
				CLANG_WARN_BOOL_CONVERSION = YES;
				CLANG_WARN_COMMA = YES;
				CLANG_WARN_CONSTANT_CONVERSION = YES;
				CLANG_WARN_DEPRECATED_OBJC_IMPLEMENTATIONS = YES;
				CLANG_WARN_DIRECT_OBJC_ISA_USAGE = YES_ERROR;
				CLANG_WARN_DOCUMENTATION_COMMENTS = YES;
				CLANG_WARN_EMPTY_BODY = YES;
				CLANG_WARN_ENUM_CONVERSION = YES;
				CLANG_WARN_INFINITE_RECURSION = YES;
				CLANG_WARN_INT_CONVERSION = YES;
				CLANG_WARN_NON_LITERAL_NULL_CONVERSION = YES;
				CLANG_WARN_OBJC_IMPLICIT_RETAIN_SELF = YES;
				CLANG_WARN_OBJC_LITERAL_CONVERSION = YES;
				CLANG_WARN_OBJC_ROOT_CLASS = YES_ERROR;
				CLANG_WARN_QUOTED_INCLUDE_IN_FRAMEWORK_HEADER = YES;
				CLANG_WARN_RANGE_LOOP_ANALYSIS = YES;
				CLANG_WARN_STRICT_PROTOTYPES = YES;
				CLANG_WARN_SUSPICIOUS_MOVE = YES;
				CLANG_WARN_UNGUARDED_AVAILABILITY = YES_AGGRESSIVE;
				CLANG_WARN_UNREACHABLE_CODE = YES;
				CLANG_WARN__DUPLICATE_METHOD_MATCH = YES;
				COPY_PHASE_STRIP = NO;
				DEBUG_INFORMATION_FORMAT = dwarf;
				ENABLE_STRICT_OBJC_MSGSEND = YES;
				ENABLE_TESTABILITY = YES;
				GCC_C_LANGUAGE_STANDARD = gnu11;
				GCC_DYNAMIC_NO_PIC = NO;
				GCC_NO_COMMON_BLOCKS = YES;
				GCC_OPTIMIZATION_LEVEL = 0;
				GCC_PREPROCESSOR_DEFINITIONS = (
					"DEBUG=1",
					"$(inherited)",
				);
				GCC_WARN_64_TO_32_BIT_CONVERSION = YES;
				GCC_WARN_ABOUT_RETURN_TYPE = YES_ERROR;
				GCC_WARN_UNDECLARED_SELECTOR = YES;
				GCC_WARN_UNINITIALIZED_AUTOS = YES_AGGRESSIVE;
				GCC_WARN_UNUSED_FUNCTION = YES;
				GCC_WARN_UNUSED_VARIABLE = YES;
				IPHONEOS_DEPLOYMENT_TARGET = 13.0;
				MTL_ENABLE_DEBUG_INFO = INCLUDE_SOURCE;
				MTL_FAST_MATH = YES;
				ONLY_ACTIVE_ARCH = YES;
				SDKROOT = iphoneos;
				SWIFT_ACTIVE_COMPILATION_CONDITIONS = DEBUG;
				SWIFT_OPTIMIZATION_LEVEL = "-Onone";
			};
			name = Debug;
		};
		EE3F1F4A25D4681D001E5676 /* Release */ = {
			isa = XCBuildConfiguration;
			buildSettings = {
				ALWAYS_SEARCH_USER_PATHS = NO;
				CLANG_ANALYZER_NONNULL = YES;
				CLANG_ANALYZER_NUMBER_OBJECT_CONVERSION = YES_AGGRESSIVE;
				CLANG_CXX_LANGUAGE_STANDARD = "gnu++14";
				CLANG_CXX_LIBRARY = "libc++";
				CLANG_ENABLE_MODULES = YES;
				CLANG_ENABLE_OBJC_ARC = YES;
				CLANG_ENABLE_OBJC_WEAK = YES;
				CLANG_WARN_BLOCK_CAPTURE_AUTORELEASING = YES;
				CLANG_WARN_BOOL_CONVERSION = YES;
				CLANG_WARN_COMMA = YES;
				CLANG_WARN_CONSTANT_CONVERSION = YES;
				CLANG_WARN_DEPRECATED_OBJC_IMPLEMENTATIONS = YES;
				CLANG_WARN_DIRECT_OBJC_ISA_USAGE = YES_ERROR;
				CLANG_WARN_DOCUMENTATION_COMMENTS = YES;
				CLANG_WARN_EMPTY_BODY = YES;
				CLANG_WARN_ENUM_CONVERSION = YES;
				CLANG_WARN_INFINITE_RECURSION = YES;
				CLANG_WARN_INT_CONVERSION = YES;
				CLANG_WARN_NON_LITERAL_NULL_CONVERSION = YES;
				CLANG_WARN_OBJC_IMPLICIT_RETAIN_SELF = YES;
				CLANG_WARN_OBJC_LITERAL_CONVERSION = YES;
				CLANG_WARN_OBJC_ROOT_CLASS = YES_ERROR;
				CLANG_WARN_QUOTED_INCLUDE_IN_FRAMEWORK_HEADER = YES;
				CLANG_WARN_RANGE_LOOP_ANALYSIS = YES;
				CLANG_WARN_STRICT_PROTOTYPES = YES;
				CLANG_WARN_SUSPICIOUS_MOVE = YES;
				CLANG_WARN_UNGUARDED_AVAILABILITY = YES_AGGRESSIVE;
				CLANG_WARN_UNREACHABLE_CODE = YES;
				CLANG_WARN__DUPLICATE_METHOD_MATCH = YES;
				COPY_PHASE_STRIP = NO;
				DEBUG_INFORMATION_FORMAT = "dwarf-with-dsym";
				ENABLE_NS_ASSERTIONS = NO;
				ENABLE_STRICT_OBJC_MSGSEND = YES;
				GCC_C_LANGUAGE_STANDARD = gnu11;
				GCC_NO_COMMON_BLOCKS = YES;
				GCC_WARN_64_TO_32_BIT_CONVERSION = YES;
				GCC_WARN_ABOUT_RETURN_TYPE = YES_ERROR;
				GCC_WARN_UNDECLARED_SELECTOR = YES;
				GCC_WARN_UNINITIALIZED_AUTOS = YES_AGGRESSIVE;
				GCC_WARN_UNUSED_FUNCTION = YES;
				GCC_WARN_UNUSED_VARIABLE = YES;
				IPHONEOS_DEPLOYMENT_TARGET = 13.0;
				MTL_ENABLE_DEBUG_INFO = NO;
				MTL_FAST_MATH = YES;
				SDKROOT = iphoneos;
				SWIFT_COMPILATION_MODE = wholemodule;
				SWIFT_OPTIMIZATION_LEVEL = "-O";
				VALIDATE_PRODUCT = YES;
			};
			name = Release;
		};
		EE3F1F4C25D4681D001E5676 /* Debug */ = {
			isa = XCBuildConfiguration;
			buildSettings = {
				ASSETCATALOG_COMPILER_APPICON_NAME = AppIcon;
				ASSETCATALOG_COMPILER_GLOBAL_ACCENT_COLOR_NAME = AccentColor;
				CODE_SIGN_STYLE = Automatic;
				DEVELOPMENT_TEAM = EJ332J8788;
				INFOPLIST_FILE = "Simple App/Info.plist";
				LD_RUNPATH_SEARCH_PATHS = (
					"$(inherited)",
					"@executable_path/Frameworks",
				);
				PRODUCT_BUNDLE_IDENTIFIER = "com.deque.Simple-App";
				PRODUCT_NAME = "$(TARGET_NAME)";
				SWIFT_VERSION = 5.0;
				TARGETED_DEVICE_FAMILY = "1,2";
			};
			name = Debug;
		};
		EE3F1F4D25D4681D001E5676 /* Release */ = {
			isa = XCBuildConfiguration;
			buildSettings = {
				ASSETCATALOG_COMPILER_APPICON_NAME = AppIcon;
				ASSETCATALOG_COMPILER_GLOBAL_ACCENT_COLOR_NAME = AccentColor;
				CODE_SIGN_STYLE = Automatic;
				DEVELOPMENT_TEAM = EJ332J8788;
				INFOPLIST_FILE = "Simple App/Info.plist";
				LD_RUNPATH_SEARCH_PATHS = (
					"$(inherited)",
					"@executable_path/Frameworks",
				);
				PRODUCT_BUNDLE_IDENTIFIER = "com.deque.Simple-App";
				PRODUCT_NAME = "$(TARGET_NAME)";
				SWIFT_VERSION = 5.0;
				TARGETED_DEVICE_FAMILY = "1,2";
			};
			name = Release;
		};
/* End XCBuildConfiguration section */

/* Begin XCConfigurationList section */
		EE3F1F1C25D4681B001E5676 /* Build configuration list for PBXProject "Simple App" */ = {
			isa = XCConfigurationList;
			buildConfigurations = (
				EE3F1F4925D4681D001E5676 /* Debug */,
				EE3F1F4A25D4681D001E5676 /* Release */,
			);
			defaultConfigurationIsVisible = 0;
			defaultConfigurationName = Release;
		};
		EE3F1F4B25D4681D001E5676 /* Build configuration list for PBXNativeTarget "Simple App" */ = {
			isa = XCConfigurationList;
			buildConfigurations = (
				EE3F1F4C25D4681D001E5676 /* Debug */,
				EE3F1F4D25D4681D001E5676 /* Release */,
			);
			defaultConfigurationIsVisible = 0;
			defaultConfigurationName = Release;
		};
/* End XCConfigurationList section */
	};
	rootObject = EE3F1F1925D4681B001E5676 /* Project object */;
}
